lockfileVersion: '9.0'

settings:
  autoInstallPeers: true
  excludeLinksFromLockfile: false

importers:

  .:
    dependencies:
      jotai:
        specifier: ^2.12.5
        version: 2.12.5

packages:

  jotai@2.12.5:
    resolution: {integrity: sha512-G8m32HW3lSmcz/4mbqx0hgJIQ0ekndKWiYP7kWVKi0p6saLXdSoye+FZiOFyonnd7Q482LCzm8sMDl7Ar1NWDw==}
    engines: {node: '>=12.20.0'}
    peerDependencies:
      '@types/react': '>=17.0.0'
      react: '>=17.0.0'
    peerDependenciesMeta:
      '@types/react':
        optional: true
      react:
        optional: true

snapshots:

  jotai@2.12.5: {}
